
Microsoft Visual Studio Solution File, Format Version 12.00
# Visual Studio 15
VisualStudioVersion = 15.0.26730.15
MinimumVisualStudioVersion = 10.0.40219.1
Project("{FAE04EC0-301F-11D3-BF4B-00C04F79EFBC}") = "Nabbix.ConsoleApp", "Nabbix.Console\Nabbix.ConsoleApp.csproj", "{04307925-07FA-42D0-A1A4-81F5AB643F64}"
EndProject
Project("{9A19103F-16F7-4668-BE54-9A1E7A4F7556}") = "Nabbix", "..\Nabbix\Nabbix.csproj", "{7E4C9B6B-E0A7-4909-B97C-D24D3EE1C477}"
EndProject
Project("{FAE04EC0-301F-11D3-BF4B-00C04F79EFBC}") = "SimplestExample", "SimplestExample\SimplestExample.csproj", "{F055C4FA-1232-406B-A98E-ACF3002E17E2}"
EndProject
Project("{9A19103F-16F7-4668-BE54-9A1E7A4F7556}") = "Nabbix.Tests", "..\Nabbix.Tests\Nabbix.Tests.csproj", "{4FCDCBEB-68D6-43BD-BE7B-71099765AD2E}"
EndProject
Project("{FAE04EC0-301F-11D3-BF4B-00C04F79EFBC}") = "Nabbix.ConsoleApp.NetCore", "Nabbix.ConsoleApp.NetCore\Nabbix.ConsoleApp.NetCore.csproj", "{6C270573-402F-43B4-AFF0-623FA77895B9}"
EndProject
Project("{FAE04EC0-301F-11D3-BF4B-00C04F79EFBC}") = "SimplestExample.NetCore", "SimplestExample.NetCore\SimplestExample.NetCore.csproj", "{93C6BF7A-B2A0-483D-8322-05FDAE1DC194}"
EndProject
Global
	GlobalSection(SolutionConfigurationPlatforms) = preSolution
		Debug|Any CPU = Debug|Any CPU
		Release|Any CPU = Release|Any CPU
	EndGlobalSection
	GlobalSection(ProjectConfigurationPlatforms) = postSolution
		{04307925-07FA-42D0-A1A4-81F5AB643F64}.Debug|Any CPU.ActiveCfg = Debug|Any CPU
		{04307925-07FA-42D0-A1A4-81F5AB643F64}.Debug|Any CPU.Build.0 = Debug|Any CPU
		{04307925-07FA-42D0-A1A4-81F5AB643F64}.Release|Any CPU.ActiveCfg = Release|Any CPU
		{04307925-07FA-42D0-A1A4-81F5AB643F64}.Release|Any CPU.Build.0 = Release|Any CPU
		{7E4C9B6B-E0A7-4909-B97C-D24D3EE1C477}.Debug|Any CPU.ActiveCfg = Debug|Any CPU
		{7E4C9B6B-E0A7-4909-B97C-D24D3EE1C477}.Debug|Any CPU.Build.0 = Debug|Any CPU
		{7E4C9B6B-E0A7-4909-B97C-D24D3EE1C477}.Release|Any CPU.ActiveCfg = Release|Any CPU
		{7E4C9B6B-E0A7-4909-B97C-D24D3EE1C477}.Release|Any CPU.Build.0 = Release|Any CPU
		{F055C4FA-1232-406B-A98E-ACF3002E17E2}.Debug|Any CPU.ActiveCfg = Debug|Any CPU
		{F055C4FA-1232-406B-A98E-ACF3002E17E2}.Debug|Any CPU.Build.0 = Debug|Any CPU
		{F055C4FA-1232-406B-A98E-ACF3002E17E2}.Release|Any CPU.ActiveCfg = Release|Any CPU
		{F055C4FA-1232-406B-A98E-ACF3002E17E2}.Release|Any CPU.Build.0 = Release|Any CPU
		{4FCDCBEB-68D6-43BD-BE7B-71099765AD2E}.Debug|Any CPU.ActiveCfg = Debug|Any CPU
		{4FCDCBEB-68D6-43BD-BE7B-71099765AD2E}.Debug|Any CPU.Build.0 = Debug|Any CPU
		{4FCDCBEB-68D6-43BD-BE7B-71099765AD2E}.Release|Any CPU.ActiveCfg = Release|Any CPU
		{4FCDCBEB-68D6-43BD-BE7B-71099765AD2E}.Release|Any CPU.Build.0 = Release|Any CPU
		{6C270573-402F-43B4-AFF0-623FA77895B9}.Debug|Any CPU.ActiveCfg = Debug|Any CPU
		{6C270573-402F-43B4-AFF0-623FA77895B9}.Debug|Any CPU.Build.0 = Debug|Any CPU
		{6C270573-402F-43B4-AFF0-623FA77895B9}.Release|Any CPU.ActiveCfg = Release|Any CPU
		{6C270573-402F-43B4-AFF0-623FA77895B9}.Release|Any CPU.Build.0 = Release|Any CPU
		{93C6BF7A-B2A0-483D-8322-05FDAE1DC194}.Debug|Any CPU.ActiveCfg = Debug|Any CPU
		{93C6BF7A-B2A0-483D-8322-05FDAE1DC194}.Debug|Any CPU.Build.0 = Debug|Any CPU
		{93C6BF7A-B2A0-483D-8322-05FDAE1DC194}.Release|Any CPU.ActiveCfg = Release|Any CPU
		{93C6BF7A-B2A0-483D-8322-05FDAE1DC194}.Release|Any CPU.Build.0 = Release|Any CPU
	EndGlobalSection
	GlobalSection(SolutionProperties) = preSolution
		HideSolutionNode = FALSE
	EndGlobalSection
	GlobalSection(ExtensibilityGlobals) = postSolution
		SolutionGuid = {BEF4CE05-8104-4768-A3BC-B1686FDFFAD7}
	EndGlobalSection
EndGlobal
